// !$*UTF8*$!
{
	archiveVersion = 1;
	classes = {
	};
	objectVersion = 50;
	objects = {

/* Begin PBXBuildFile section */
		ECC4B6E525FDCFD200548628 /* AppDelegate.swift in Sources */ = {isa = PBXBuildFile; fileRef = ECC4B6E425FDCFD200548628 /* AppDelegate.swift */; };
		ECC4B6E725FDCFD200548628 /* SceneDelegate.swift in Sources */ = {isa = PBXBuildFile; fileRef = ECC4B6E625FDCFD200548628 /* SceneDelegate.swift */; };
		ECC4B6E925FDCFD200548628 /* CabListViewController.swift in Sources */ = {isa = PBXBuildFile; fileRef = ECC4B6E825FDCFD200548628 /* CabListViewController.swift */; };
		ECC4B6EC25FDCFD200548628 /* Main.storyboard in Resources */ = {isa = PBXBuildFile; fileRef = ECC4B6EA25FDCFD200548628 /* Main.storyboard */; };
		ECC4B6EE25FDCFD500548628 /* Assets.xcassets in Resources */ = {isa = PBXBuildFile; fileRef = ECC4B6ED25FDCFD500548628 /* Assets.xcassets */; };
		ECC4B6F125FDCFD500548628 /* LaunchScreen.storyboard in Resources */ = {isa = PBXBuildFile; fileRef = ECC4B6EF25FDCFD500548628 /* LaunchScreen.storyboard */; };
		ECC4B6FC25FDCFD600548628 /* CabMapTestTests.swift in Sources */ = {isa = PBXBuildFile; fileRef = ECC4B6FB25FDCFD600548628 /* CabMapTestTests.swift */; };
		ECC4B70725FDCFD600548628 /* CabMapTestUITests.swift in Sources */ = {isa = PBXBuildFile; fileRef = ECC4B70625FDCFD600548628 /* CabMapTestUITests.swift */; };
		ECC4B71A25FDD06200548628 /* APIRequest.swift in Sources */ = {isa = PBXBuildFile; fileRef = ECC4B71925FDD06200548628 /* APIRequest.swift */; };
		ECC4B72225FDDEA300548628 /* APIResponse.swift in Sources */ = {isa = PBXBuildFile; fileRef = ECC4B72125FDDEA300548628 /* APIResponse.swift */; };
		ECC4B72825FDE72000548628 /* CabSource.swift in Sources */ = {isa = PBXBuildFile; fileRef = ECC4B72725FDE72000548628 /* CabSource.swift */; };
		ECC4B72F25FDE81C00548628 /* CabModel.swift in Sources */ = {isa = PBXBuildFile; fileRef = ECC4B72E25FDE81C00548628 /* CabModel.swift */; };
		ECC4B73725FDE8BB00548628 /* Result.swift in Sources */ = {isa = PBXBuildFile; fileRef = ECC4B73625FDE8BB00548628 /* Result.swift */; };
		ECC4B73F25FDEB3200548628 /* CabEntity.swift in Sources */ = {isa = PBXBuildFile; fileRef = ECC4B73E25FDEB3200548628 /* CabEntity.swift */; };
		ECC4B74725FDECD300548628 /* Entity.swift in Sources */ = {isa = PBXBuildFile; fileRef = ECC4B74625FDECD300548628 /* Entity.swift */; };
		ECC4B74D25FDF10100548628 /* CabAPIRequest.swift in Sources */ = {isa = PBXBuildFile; fileRef = ECC4B74C25FDF10100548628 /* CabAPIRequest.swift */; };
		ECC4B75525FDF8E000548628 /* CabListParameters.swift in Sources */ = {isa = PBXBuildFile; fileRef = ECC4B75425FDF8E000548628 /* CabListParameters.swift */; };
		ECC4B75F25FE253D00548628 /* GetCabListUsecase.swift in Sources */ = {isa = PBXBuildFile; fileRef = ECC4B75E25FE253D00548628 /* GetCabListUsecase.swift */; };
		ECC4B76C25FE281A00548628 /* CabListPresenter.swift in Sources */ = {isa = PBXBuildFile; fileRef = ECC4B76B25FE281A00548628 /* CabListPresenter.swift */; };
		ECC4B77225FE2E0900548628 /* CabListViewModel.swift in Sources */ = {isa = PBXBuildFile; fileRef = ECC4B77125FE2E0900548628 /* CabListViewModel.swift */; };
		ECC4B77A25FE2F9800548628 /* CabListConfigurator.swift in Sources */ = {isa = PBXBuildFile; fileRef = ECC4B77925FE2F9800548628 /* CabListConfigurator.swift */; };
		ECC4B78225FE3C3F00548628 /* CabState.swift in Sources */ = {isa = PBXBuildFile; fileRef = ECC4B78125FE3C3F00548628 /* CabState.swift */; };
		ECC4B78725FE3DBA00548628 /* CabType.swift in Sources */ = {isa = PBXBuildFile; fileRef = ECC4B78625FE3DBA00548628 /* CabType.swift */; };
/* End PBXBuildFile section */

/* Begin PBXContainerItemProxy section */
		ECC4B6F825FDCFD600548628 /* PBXContainerItemProxy */ = {
			isa = PBXContainerItemProxy;
			containerPortal = ECC4B6D925FDCFD200548628 /* Project object */;
			proxyType = 1;
			remoteGlobalIDString = ECC4B6E025FDCFD200548628;
			remoteInfo = CabMapTest;
		};
		ECC4B70325FDCFD600548628 /* PBXContainerItemProxy */ = {
			isa = PBXContainerItemProxy;
			containerPortal = ECC4B6D925FDCFD200548628 /* Project object */;
			proxyType = 1;
			remoteGlobalIDString = ECC4B6E025FDCFD200548628;
			remoteInfo = CabMapTest;
		};
/* End PBXContainerItemProxy section */

/* Begin PBXFileReference section */
		ECC4B6E125FDCFD200548628 /* CabMapTest.app */ = {isa = PBXFileReference; explicitFileType = wrapper.application; includeInIndex = 0; path = CabMapTest.app; sourceTree = BUILT_PRODUCTS_DIR; };
		ECC4B6E425FDCFD200548628 /* AppDelegate.swift */ = {isa = PBXFileReference; lastKnownFileType = sourcecode.swift; path = AppDelegate.swift; sourceTree = "<group>"; };
		ECC4B6E625FDCFD200548628 /* SceneDelegate.swift */ = {isa = PBXFileReference; lastKnownFileType = sourcecode.swift; path = SceneDelegate.swift; sourceTree = "<group>"; };
		ECC4B6E825FDCFD200548628 /* CabListViewController.swift */ = {isa = PBXFileReference; lastKnownFileType = sourcecode.swift; path = CabListViewController.swift; sourceTree = "<group>"; };
		ECC4B6EB25FDCFD200548628 /* Base */ = {isa = PBXFileReference; lastKnownFileType = file.storyboard; name = Base; path = Base.lproj/Main.storyboard; sourceTree = "<group>"; };
		ECC4B6ED25FDCFD500548628 /* Assets.xcassets */ = {isa = PBXFileReference; lastKnownFileType = folder.assetcatalog; path = Assets.xcassets; sourceTree = "<group>"; };
		ECC4B6F025FDCFD500548628 /* Base */ = {isa = PBXFileReference; lastKnownFileType = file.storyboard; name = Base; path = Base.lproj/LaunchScreen.storyboard; sourceTree = "<group>"; };
		ECC4B6F225FDCFD500548628 /* Info.plist */ = {isa = PBXFileReference; lastKnownFileType = text.plist.xml; path = Info.plist; sourceTree = "<group>"; };
		ECC4B6F725FDCFD600548628 /* CabMapTestTests.xctest */ = {isa = PBXFileReference; explicitFileType = wrapper.cfbundle; includeInIndex = 0; path = CabMapTestTests.xctest; sourceTree = BUILT_PRODUCTS_DIR; };
		ECC4B6FB25FDCFD600548628 /* CabMapTestTests.swift */ = {isa = PBXFileReference; lastKnownFileType = sourcecode.swift; path = CabMapTestTests.swift; sourceTree = "<group>"; };
		ECC4B6FD25FDCFD600548628 /* Info.plist */ = {isa = PBXFileReference; lastKnownFileType = text.plist.xml; path = Info.plist; sourceTree = "<group>"; };
		ECC4B70225FDCFD600548628 /* CabMapTestUITests.xctest */ = {isa = PBXFileReference; explicitFileType = wrapper.cfbundle; includeInIndex = 0; path = CabMapTestUITests.xctest; sourceTree = BUILT_PRODUCTS_DIR; };
		ECC4B70625FDCFD600548628 /* CabMapTestUITests.swift */ = {isa = PBXFileReference; lastKnownFileType = sourcecode.swift; path = CabMapTestUITests.swift; sourceTree = "<group>"; };
		ECC4B70825FDCFD600548628 /* Info.plist */ = {isa = PBXFileReference; lastKnownFileType = text.plist.xml; path = Info.plist; sourceTree = "<group>"; };
		ECC4B71925FDD06200548628 /* APIRequest.swift */ = {isa = PBXFileReference; lastKnownFileType = sourcecode.swift; path = APIRequest.swift; sourceTree = "<group>"; };
		ECC4B72125FDDEA300548628 /* APIResponse.swift */ = {isa = PBXFileReference; lastKnownFileType = sourcecode.swift; path = APIResponse.swift; sourceTree = "<group>"; };
		ECC4B72725FDE72000548628 /* CabSource.swift */ = {isa = PBXFileReference; lastKnownFileType = sourcecode.swift; path = CabSource.swift; sourceTree = "<group>"; };
		ECC4B72E25FDE81C00548628 /* CabModel.swift */ = {isa = PBXFileReference; lastKnownFileType = sourcecode.swift; path = CabModel.swift; sourceTree = "<group>"; };
		ECC4B73625FDE8BB00548628 /* Result.swift */ = {isa = PBXFileReference; lastKnownFileType = sourcecode.swift; path = Result.swift; sourceTree = "<group>"; };
		ECC4B73E25FDEB3200548628 /* CabEntity.swift */ = {isa = PBXFileReference; lastKnownFileType = sourcecode.swift; path = CabEntity.swift; sourceTree = "<group>"; };
		ECC4B74625FDECD300548628 /* Entity.swift */ = {isa = PBXFileReference; lastKnownFileType = sourcecode.swift; path = Entity.swift; sourceTree = "<group>"; };
		ECC4B74C25FDF10100548628 /* CabAPIRequest.swift */ = {isa = PBXFileReference; lastKnownFileType = sourcecode.swift; path = CabAPIRequest.swift; sourceTree = "<group>"; };
		ECC4B75425FDF8E000548628 /* CabListParameters.swift */ = {isa = PBXFileReference; lastKnownFileType = sourcecode.swift; path = CabListParameters.swift; sourceTree = "<group>"; };
		ECC4B75E25FE253D00548628 /* GetCabListUsecase.swift */ = {isa = PBXFileReference; lastKnownFileType = sourcecode.swift; path = GetCabListUsecase.swift; sourceTree = "<group>"; };
		ECC4B76B25FE281A00548628 /* CabListPresenter.swift */ = {isa = PBXFileReference; lastKnownFileType = sourcecode.swift; path = CabListPresenter.swift; sourceTree = "<group>"; };
		ECC4B77125FE2E0900548628 /* CabListViewModel.swift */ = {isa = PBXFileReference; lastKnownFileType = sourcecode.swift; path = CabListViewModel.swift; sourceTree = "<group>"; };
		ECC4B77925FE2F9800548628 /* CabListConfigurator.swift */ = {isa = PBXFileReference; lastKnownFileType = sourcecode.swift; path = CabListConfigurator.swift; sourceTree = "<group>"; };
		ECC4B78125FE3C3F00548628 /* CabState.swift */ = {isa = PBXFileReference; lastKnownFileType = sourcecode.swift; path = CabState.swift; sourceTree = "<group>"; };
		ECC4B78625FE3DBA00548628 /* CabType.swift */ = {isa = PBXFileReference; lastKnownFileType = sourcecode.swift; path = CabType.swift; sourceTree = "<group>"; };
/* End PBXFileReference section */

/* Begin PBXFrameworksBuildPhase section */
		ECC4B6DE25FDCFD200548628 /* Frameworks */ = {
			isa = PBXFrameworksBuildPhase;
			buildActionMask = 2147483647;
			files = (
			);
			runOnlyForDeploymentPostprocessing = 0;
		};
		ECC4B6F425FDCFD600548628 /* Frameworks */ = {
			isa = PBXFrameworksBuildPhase;
			buildActionMask = 2147483647;
			files = (
			);
			runOnlyForDeploymentPostprocessing = 0;
		};
		ECC4B6FF25FDCFD600548628 /* Frameworks */ = {
			isa = PBXFrameworksBuildPhase;
			buildActionMask = 2147483647;
			files = (
			);
			runOnlyForDeploymentPostprocessing = 0;
		};
/* End PBXFrameworksBuildPhase section */

/* Begin PBXGroup section */
		ECC4B6D825FDCFD200548628 = {
			isa = PBXGroup;
			children = (
				ECC4B6E325FDCFD200548628 /* CabMapTest */,
				ECC4B6FA25FDCFD600548628 /* CabMapTestTests */,
				ECC4B70525FDCFD600548628 /* CabMapTestUITests */,
				ECC4B6E225FDCFD200548628 /* Products */,
			);
			sourceTree = "<group>";
		};
		ECC4B6E225FDCFD200548628 /* Products */ = {
			isa = PBXGroup;
			children = (
				ECC4B6E125FDCFD200548628 /* CabMapTest.app */,
				ECC4B6F725FDCFD600548628 /* CabMapTestTests.xctest */,
				ECC4B70225FDCFD600548628 /* CabMapTestUITests.xctest */,
			);
			name = Products;
			sourceTree = "<group>";
		};
		ECC4B6E325FDCFD200548628 /* CabMapTest */ = {
			isa = PBXGroup;
			children = (
				ECC4B76625FE278A00548628 /* Scenes */,
				ECC4B71825FDD01F00548628 /* API */,
				ECC4B72625FDE6E100548628 /* Domain */,
				ECC4B71725FDCFE600548628 /* Data */,
				ECC4B6E425FDCFD200548628 /* AppDelegate.swift */,
				ECC4B6E625FDCFD200548628 /* SceneDelegate.swift */,
				ECC4B6ED25FDCFD500548628 /* Assets.xcassets */,
				ECC4B6EF25FDCFD500548628 /* LaunchScreen.storyboard */,
				ECC4B6F225FDCFD500548628 /* Info.plist */,
			);
			path = CabMapTest;
			sourceTree = "<group>";
		};
		ECC4B6FA25FDCFD600548628 /* CabMapTestTests */ = {
			isa = PBXGroup;
			children = (
				ECC4B6FB25FDCFD600548628 /* CabMapTestTests.swift */,
				ECC4B6FD25FDCFD600548628 /* Info.plist */,
			);
			path = CabMapTestTests;
			sourceTree = "<group>";
		};
		ECC4B70525FDCFD600548628 /* CabMapTestUITests */ = {
			isa = PBXGroup;
			children = (
				ECC4B70625FDCFD600548628 /* CabMapTestUITests.swift */,
				ECC4B70825FDCFD600548628 /* Info.plist */,
			);
			path = CabMapTestUITests;
			sourceTree = "<group>";
		};
		ECC4B71725FDCFE600548628 /* Data */ = {
			isa = PBXGroup;
			children = (
				ECC4B72D25FDE7D700548628 /* Entities */,
				ECC4B72C25FDE7CC00548628 /* Source */,
			);
			path = Data;
			sourceTree = "<group>";
		};
		ECC4B71825FDD01F00548628 /* API */ = {
			isa = PBXGroup;
			children = (
				ECC4B71925FDD06200548628 /* APIRequest.swift */,
				ECC4B72125FDDEA300548628 /* APIResponse.swift */,
				ECC4B73625FDE8BB00548628 /* Result.swift */,
				ECC4B74B25FDEE6E00548628 /* Request */,
			);
			path = API;
			sourceTree = "<group>";
		};
		ECC4B72625FDE6E100548628 /* Domain */ = {
			isa = PBXGroup;
			children = (
				ECC4B75D25FE252800548628 /* Usecases */,
				ECC4B75C25FE251500548628 /* Models */,
			);
			path = Domain;
			sourceTree = "<group>";
		};
		ECC4B72C25FDE7CC00548628 /* Source */ = {
			isa = PBXGroup;
			children = (
				ECC4B72725FDE72000548628 /* CabSource.swift */,
			);
			path = Source;
			sourceTree = "<group>";
		};
		ECC4B72D25FDE7D700548628 /* Entities */ = {
			isa = PBXGroup;
			children = (
				ECC4B73E25FDEB3200548628 /* CabEntity.swift */,
				ECC4B74625FDECD300548628 /* Entity.swift */,
			);
			path = Entities;
			sourceTree = "<group>";
		};
		ECC4B74B25FDEE6E00548628 /* Request */ = {
			isa = PBXGroup;
			children = (
				ECC4B74C25FDF10100548628 /* CabAPIRequest.swift */,
				ECC4B75425FDF8E000548628 /* CabListParameters.swift */,
			);
			path = Request;
			sourceTree = "<group>";
		};
		ECC4B75C25FE251500548628 /* Models */ = {
			isa = PBXGroup;
			children = (
				ECC4B72E25FDE81C00548628 /* CabModel.swift */,
				ECC4B78125FE3C3F00548628 /* CabState.swift */,
				ECC4B78625FE3DBA00548628 /* CabType.swift */,
			);
			path = Models;
			sourceTree = "<group>";
		};
		ECC4B75D25FE252800548628 /* Usecases */ = {
			isa = PBXGroup;
			children = (
				ECC4B75E25FE253D00548628 /* GetCabListUsecase.swift */,
			);
			path = Usecases;
			sourceTree = "<group>";
		};
		ECC4B76625FE278A00548628 /* Scenes */ = {
			isa = PBXGroup;
			children = (
				ECC4B76725FE27BA00548628 /* CabList */,
			);
			path = Scenes;
			sourceTree = "<group>";
		};
		ECC4B76725FE27BA00548628 /* CabList */ = {
			isa = PBXGroup;
			children = (
				ECC4B77025FE2DE800548628 /* Models */,
				ECC4B6E825FDCFD200548628 /* CabListViewController.swift */,
				ECC4B76B25FE281A00548628 /* CabListPresenter.swift */,
				ECC4B77925FE2F9800548628 /* CabListConfigurator.swift */,
				ECC4B6EA25FDCFD200548628 /* Main.storyboard */,
			);
			path = CabList;
			sourceTree = "<group>";
		};
		ECC4B77025FE2DE800548628 /* Models */ = {
			isa = PBXGroup;
			children = (
				ECC4B77125FE2E0900548628 /* CabListViewModel.swift */,
			);
			path = Models;
			sourceTree = "<group>";
		};
/* End PBXGroup section */

/* Begin PBXNativeTarget section */
		ECC4B6E025FDCFD200548628 /* CabMapTest */ = {
			isa = PBXNativeTarget;
			buildConfigurationList = ECC4B70B25FDCFD600548628 /* Build configuration list for PBXNativeTarget "CabMapTest" */;
			buildPhases = (
				ECC4B6DD25FDCFD200548628 /* Sources */,
				ECC4B6DE25FDCFD200548628 /* Frameworks */,
				ECC4B6DF25FDCFD200548628 /* Resources */,
			);
			buildRules = (
			);
			dependencies = (
			);
			name = CabMapTest;
			productName = CabMapTest;
			productReference = ECC4B6E125FDCFD200548628 /* CabMapTest.app */;
			productType = "com.apple.product-type.application";
		};
		ECC4B6F625FDCFD600548628 /* CabMapTestTests */ = {
			isa = PBXNativeTarget;
			buildConfigurationList = ECC4B70E25FDCFD600548628 /* Build configuration list for PBXNativeTarget "CabMapTestTests" */;
			buildPhases = (
				ECC4B6F325FDCFD600548628 /* Sources */,
				ECC4B6F425FDCFD600548628 /* Frameworks */,
				ECC4B6F525FDCFD600548628 /* Resources */,
			);
			buildRules = (
			);
			dependencies = (
				ECC4B6F925FDCFD600548628 /* PBXTargetDependency */,
			);
			name = CabMapTestTests;
			productName = CabMapTestTests;
			productReference = ECC4B6F725FDCFD600548628 /* CabMapTestTests.xctest */;
			productType = "com.apple.product-type.bundle.unit-test";
		};
		ECC4B70125FDCFD600548628 /* CabMapTestUITests */ = {
			isa = PBXNativeTarget;
			buildConfigurationList = ECC4B71125FDCFD600548628 /* Build configuration list for PBXNativeTarget "CabMapTestUITests" */;
			buildPhases = (
				ECC4B6FE25FDCFD600548628 /* Sources */,
				ECC4B6FF25FDCFD600548628 /* Frameworks */,
				ECC4B70025FDCFD600548628 /* Resources */,
			);
			buildRules = (
			);
			dependencies = (
				ECC4B70425FDCFD600548628 /* PBXTargetDependency */,
			);
			name = CabMapTestUITests;
			productName = CabMapTestUITests;
			productReference = ECC4B70225FDCFD600548628 /* CabMapTestUITests.xctest */;
			productType = "com.apple.product-type.bundle.ui-testing";
		};
/* End PBXNativeTarget section */

/* Begin PBXProject section */
		ECC4B6D925FDCFD200548628 /* Project object */ = {
			isa = PBXProject;
			attributes = {
				LastSwiftUpdateCheck = 1230;
				LastUpgradeCheck = 1230;
				TargetAttributes = {
					ECC4B6E025FDCFD200548628 = {
						CreatedOnToolsVersion = 12.3;
					};
					ECC4B6F625FDCFD600548628 = {
						CreatedOnToolsVersion = 12.3;
						TestTargetID = ECC4B6E025FDCFD200548628;
					};
					ECC4B70125FDCFD600548628 = {
						CreatedOnToolsVersion = 12.3;
						TestTargetID = ECC4B6E025FDCFD200548628;
					};
				};
			};
			buildConfigurationList = ECC4B6DC25FDCFD200548628 /* Build configuration list for PBXProject "CabMapTest" */;
			compatibilityVersion = "Xcode 9.3";
			developmentRegion = en;
			hasScannedForEncodings = 0;
			knownRegions = (
				en,
				Base,
			);
			mainGroup = ECC4B6D825FDCFD200548628;
			productRefGroup = ECC4B6E225FDCFD200548628 /* Products */;
			projectDirPath = "";
			projectRoot = "";
			targets = (
				ECC4B6E025FDCFD200548628 /* CabMapTest */,
				ECC4B6F625FDCFD600548628 /* CabMapTestTests */,
				ECC4B70125FDCFD600548628 /* CabMapTestUITests */,
			);
		};
/* End PBXProject section */

/* Begin PBXResourcesBuildPhase section */
		ECC4B6DF25FDCFD200548628 /* Resources */ = {
			isa = PBXResourcesBuildPhase;
			buildActionMask = 2147483647;
			files = (
				ECC4B6F125FDCFD500548628 /* LaunchScreen.storyboard in Resources */,
				ECC4B6EE25FDCFD500548628 /* Assets.xcassets in Resources */,
				ECC4B6EC25FDCFD200548628 /* Main.storyboard in Resources */,
			);
			runOnlyForDeploymentPostprocessing = 0;
		};
		ECC4B6F525FDCFD600548628 /* Resources */ = {
			isa = PBXResourcesBuildPhase;
			buildActionMask = 2147483647;
			files = (
			);
			runOnlyForDeploymentPostprocessing = 0;
		};
		ECC4B70025FDCFD600548628 /* Resources */ = {
			isa = PBXResourcesBuildPhase;
			buildActionMask = 2147483647;
			files = (
			);
			runOnlyForDeploymentPostprocessing = 0;
		};
/* End PBXResourcesBuildPhase section */

/* Begin PBXSourcesBuildPhase section */
		ECC4B6DD25FDCFD200548628 /* Sources */ = {
			isa = PBXSourcesBuildPhase;
			buildActionMask = 2147483647;
			files = (
				ECC4B77225FE2E0900548628 /* CabListViewModel.swift in Sources */,
				ECC4B6E925FDCFD200548628 /* CabListViewController.swift in Sources */,
				ECC4B72825FDE72000548628 /* CabSource.swift in Sources */,
				ECC4B6E525FDCFD200548628 /* AppDelegate.swift in Sources */,
				ECC4B72F25FDE81C00548628 /* CabModel.swift in Sources */,
				ECC4B75525FDF8E000548628 /* CabListParameters.swift in Sources */,
				ECC4B78225FE3C3F00548628 /* CabState.swift in Sources */,
				ECC4B76C25FE281A00548628 /* CabListPresenter.swift in Sources */,
				ECC4B71A25FDD06200548628 /* APIRequest.swift in Sources */,
				ECC4B72225FDDEA300548628 /* APIResponse.swift in Sources */,
				ECC4B77A25FE2F9800548628 /* CabListConfigurator.swift in Sources */,
				ECC4B74D25FDF10100548628 /* CabAPIRequest.swift in Sources */,
				ECC4B74725FDECD300548628 /* Entity.swift in Sources */,
				ECC4B73725FDE8BB00548628 /* Result.swift in Sources */,
				ECC4B78725FE3DBA00548628 /* CabType.swift in Sources */,
				ECC4B75F25FE253D00548628 /* GetCabListUsecase.swift in Sources */,
				ECC4B6E725FDCFD200548628 /* SceneDelegate.swift in Sources */,
				ECC4B73F25FDEB3200548628 /* CabEntity.swift in Sources */,
			);
			runOnlyForDeploymentPostprocessing = 0;
		};
		ECC4B6F325FDCFD600548628 /* Sources */ = {
			isa = PBXSourcesBuildPhase;
			buildActionMask = 2147483647;
			files = (
				ECC4B6FC25FDCFD600548628 /* CabMapTestTests.swift in Sources */,
			);
			runOnlyForDeploymentPostprocessing = 0;
		};
		ECC4B6FE25FDCFD600548628 /* Sources */ = {
			isa = PBXSourcesBuildPhase;
			buildActionMask = 2147483647;
			files = (
				ECC4B70725FDCFD600548628 /* CabMapTestUITests.swift in Sources */,
			);
			runOnlyForDeploymentPostprocessing = 0;
		};
/* End PBXSourcesBuildPhase section */

/* Begin PBXTargetDependency section */
		ECC4B6F925FDCFD600548628 /* PBXTargetDependency */ = {
			isa = PBXTargetDependency;
			target = ECC4B6E025FDCFD200548628 /* CabMapTest */;
			targetProxy = ECC4B6F825FDCFD600548628 /* PBXContainerItemProxy */;
		};
		ECC4B70425FDCFD600548628 /* PBXTargetDependency */ = {
			isa = PBXTargetDependency;
			target = ECC4B6E025FDCFD200548628 /* CabMapTest */;
			targetProxy = ECC4B70325FDCFD600548628 /* PBXContainerItemProxy */;
		};
/* End PBXTargetDependency section */

/* Begin PBXVariantGroup section */
		ECC4B6EA25FDCFD200548628 /* Main.storyboard */ = {
			isa = PBXVariantGroup;
			children = (
				ECC4B6EB25FDCFD200548628 /* Base */,
			);
			name = Main.storyboard;
			sourceTree = "<group>";
		};
		ECC4B6EF25FDCFD500548628 /* LaunchScreen.storyboard */ = {
			isa = PBXVariantGroup;
			children = (
				ECC4B6F025FDCFD500548628 /* Base */,
			);
			name = LaunchScreen.storyboard;
			sourceTree = "<group>";
		};
/* End PBXVariantGroup section */

/* Begin XCBuildConfiguration section */
		ECC4B70925FDCFD600548628 /* Debug */ = {
			isa = XCBuildConfiguration;
			buildSettings = {
				ALWAYS_SEARCH_USER_PATHS = NO;
				CLANG_ANALYZER_NONNULL = YES;
				CLANG_ANALYZER_NUMBER_OBJECT_CONVERSION = YES_AGGRESSIVE;
				CLANG_CXX_LANGUAGE_STANDARD = "gnu++14";
				CLANG_CXX_LIBRARY = "libc++";
				CLANG_ENABLE_MODULES = YES;
				CLANG_ENABLE_OBJC_ARC = YES;
				CLANG_ENABLE_OBJC_WEAK = YES;
				CLANG_WARN_BLOCK_CAPTURE_AUTORELEASING = YES;
				CLANG_WARN_BOOL_CONVERSION = YES;
				CLANG_WARN_COMMA = YES;
				CLANG_WARN_CONSTANT_CONVERSION = YES;
				CLANG_WARN_DEPRECATED_OBJC_IMPLEMENTATIONS = YES;
				CLANG_WARN_DIRECT_OBJC_ISA_USAGE = YES_ERROR;
				CLANG_WARN_DOCUMENTATION_COMMENTS = YES;
				CLANG_WARN_EMPTY_BODY = YES;
				CLANG_WARN_ENUM_CONVERSION = YES;
				CLANG_WARN_INFINITE_RECURSION = YES;
				CLANG_WARN_INT_CONVERSION = YES;
				CLANG_WARN_NON_LITERAL_NULL_CONVERSION = YES;
				CLANG_WARN_OBJC_IMPLICIT_RETAIN_SELF = YES;
				CLANG_WARN_OBJC_LITERAL_CONVERSION = YES;
				CLANG_WARN_OBJC_ROOT_CLASS = YES_ERROR;
				CLANG_WARN_QUOTED_INCLUDE_IN_FRAMEWORK_HEADER = YES;
				CLANG_WARN_RANGE_LOOP_ANALYSIS = YES;
				CLANG_WARN_STRICT_PROTOTYPES = YES;
				CLANG_WARN_SUSPICIOUS_MOVE = YES;
				CLANG_WARN_UNGUARDED_AVAILABILITY = YES_AGGRESSIVE;
				CLANG_WARN_UNREACHABLE_CODE = YES;
				CLANG_WARN__DUPLICATE_METHOD_MATCH = YES;
				COPY_PHASE_STRIP = NO;
				DEBUG_INFORMATION_FORMAT = dwarf;
				ENABLE_STRICT_OBJC_MSGSEND = YES;
				ENABLE_TESTABILITY = YES;
				GCC_C_LANGUAGE_STANDARD = gnu11;
				GCC_DYNAMIC_NO_PIC = NO;
				GCC_NO_COMMON_BLOCKS = YES;
				GCC_OPTIMIZATION_LEVEL = 0;
				GCC_PREPROCESSOR_DEFINITIONS = (
					"DEBUG=1",
					"$(inherited)",
				);
				GCC_WARN_64_TO_32_BIT_CONVERSION = YES;
				GCC_WARN_ABOUT_RETURN_TYPE = YES_ERROR;
				GCC_WARN_UNDECLARED_SELECTOR = YES;
				GCC_WARN_UNINITIALIZED_AUTOS = YES_AGGRESSIVE;
				GCC_WARN_UNUSED_FUNCTION = YES;
				GCC_WARN_UNUSED_VARIABLE = YES;
				IPHONEOS_DEPLOYMENT_TARGET = 14.3;
				MTL_ENABLE_DEBUG_INFO = INCLUDE_SOURCE;
				MTL_FAST_MATH = YES;
				ONLY_ACTIVE_ARCH = YES;
				SDKROOT = iphoneos;
				SWIFT_ACTIVE_COMPILATION_CONDITIONS = DEBUG;
				SWIFT_OPTIMIZATION_LEVEL = "-Onone";
			};
			name = Debug;
		};
		ECC4B70A25FDCFD600548628 /* Release */ = {
			isa = XCBuildConfiguration;
			buildSettings = {
				ALWAYS_SEARCH_USER_PATHS = NO;
				CLANG_ANALYZER_NONNULL = YES;
				CLANG_ANALYZER_NUMBER_OBJECT_CONVERSION = YES_AGGRESSIVE;
				CLANG_CXX_LANGUAGE_STANDARD = "gnu++14";
				CLANG_CXX_LIBRARY = "libc++";
				CLANG_ENABLE_MODULES = YES;
				CLANG_ENABLE_OBJC_ARC = YES;
				CLANG_ENABLE_OBJC_WEAK = YES;
				CLANG_WARN_BLOCK_CAPTURE_AUTORELEASING = YES;
				CLANG_WARN_BOOL_CONVERSION = YES;
				CLANG_WARN_COMMA = YES;
				CLANG_WARN_CONSTANT_CONVERSION = YES;
				CLANG_WARN_DEPRECATED_OBJC_IMPLEMENTATIONS = YES;
				CLANG_WARN_DIRECT_OBJC_ISA_USAGE = YES_ERROR;
				CLANG_WARN_DOCUMENTATION_COMMENTS = YES;
				CLANG_WARN_EMPTY_BODY = YES;
				CLANG_WARN_ENUM_CONVERSION = YES;
				CLANG_WARN_INFINITE_RECURSION = YES;
				CLANG_WARN_INT_CONVERSION = YES;
				CLANG_WARN_NON_LITERAL_NULL_CONVERSION = YES;
				CLANG_WARN_OBJC_IMPLICIT_RETAIN_SELF = YES;
				CLANG_WARN_OBJC_LITERAL_CONVERSION = YES;
				CLANG_WARN_OBJC_ROOT_CLASS = YES_ERROR;
				CLANG_WARN_QUOTED_INCLUDE_IN_FRAMEWORK_HEADER = YES;
				CLANG_WARN_RANGE_LOOP_ANALYSIS = YES;
				CLANG_WARN_STRICT_PROTOTYPES = YES;
				CLANG_WARN_SUSPICIOUS_MOVE = YES;
				CLANG_WARN_UNGUARDED_AVAILABILITY = YES_AGGRESSIVE;
				CLANG_WARN_UNREACHABLE_CODE = YES;
				CLANG_WARN__DUPLICATE_METHOD_MATCH = YES;
				COPY_PHASE_STRIP = NO;
				DEBUG_INFORMATION_FORMAT = "dwarf-with-dsym";
				ENABLE_NS_ASSERTIONS = NO;
				ENABLE_STRICT_OBJC_MSGSEND = YES;
				GCC_C_LANGUAGE_STANDARD = gnu11;
				GCC_NO_COMMON_BLOCKS = YES;
				GCC_WARN_64_TO_32_BIT_CONVERSION = YES;
				GCC_WARN_ABOUT_RETURN_TYPE = YES_ERROR;
				GCC_WARN_UNDECLARED_SELECTOR = YES;
				GCC_WARN_UNINITIALIZED_AUTOS = YES_AGGRESSIVE;
				GCC_WARN_UNUSED_FUNCTION = YES;
				GCC_WARN_UNUSED_VARIABLE = YES;
				IPHONEOS_DEPLOYMENT_TARGET = 14.3;
				MTL_ENABLE_DEBUG_INFO = NO;
				MTL_FAST_MATH = YES;
				SDKROOT = iphoneos;
				SWIFT_COMPILATION_MODE = wholemodule;
				SWIFT_OPTIMIZATION_LEVEL = "-O";
				VALIDATE_PRODUCT = YES;
			};
			name = Release;
		};
		ECC4B70C25FDCFD600548628 /* Debug */ = {
			isa = XCBuildConfiguration;
			buildSettings = {
				ASSETCATALOG_COMPILER_APPICON_NAME = AppIcon;
				ASSETCATALOG_COMPILER_GLOBAL_ACCENT_COLOR_NAME = AccentColor;
				CODE_SIGN_STYLE = Automatic;
				INFOPLIST_FILE = CabMapTest/Info.plist;
				LD_RUNPATH_SEARCH_PATHS = (
					"$(inherited)",
					"@executable_path/Frameworks",
				);
				PRODUCT_BUNDLE_IDENTIFIER = aditya.CabMapTest;
				PRODUCT_NAME = "$(TARGET_NAME)";
				SWIFT_VERSION = 5.0;
				TARGETED_DEVICE_FAMILY = "1,2";
			};
			name = Debug;
		};
		ECC4B70D25FDCFD600548628 /* Release */ = {
			isa = XCBuildConfiguration;
			buildSettings = {
				ASSETCATALOG_COMPILER_APPICON_NAME = AppIcon;
				ASSETCATALOG_COMPILER_GLOBAL_ACCENT_COLOR_NAME = AccentColor;
				CODE_SIGN_STYLE = Automatic;
				INFOPLIST_FILE = CabMapTest/Info.plist;
				LD_RUNPATH_SEARCH_PATHS = (
					"$(inherited)",
					"@executable_path/Frameworks",
				);
				PRODUCT_BUNDLE_IDENTIFIER = aditya.CabMapTest;
				PRODUCT_NAME = "$(TARGET_NAME)";
				SWIFT_VERSION = 5.0;
				TARGETED_DEVICE_FAMILY = "1,2";
			};
			name = Release;
		};
		ECC4B70F25FDCFD600548628 /* Debug */ = {
			isa = XCBuildConfiguration;
			buildSettings = {
				ALWAYS_EMBED_SWIFT_STANDARD_LIBRARIES = YES;
				BUNDLE_LOADER = "$(TEST_HOST)";
				CODE_SIGN_STYLE = Automatic;
				INFOPLIST_FILE = CabMapTestTests/Info.plist;
				IPHONEOS_DEPLOYMENT_TARGET = 14.3;
				LD_RUNPATH_SEARCH_PATHS = (
					"$(inherited)",
					"@executable_path/Frameworks",
					"@loader_path/Frameworks",
				);
				PRODUCT_BUNDLE_IDENTIFIER = aditya.CabMapTestTests;
				PRODUCT_NAME = "$(TARGET_NAME)";
				SWIFT_VERSION = 5.0;
				TARGETED_DEVICE_FAMILY = "1,2";
				TEST_HOST = "$(BUILT_PRODUCTS_DIR)/CabMapTest.app/CabMapTest";
			};
			name = Debug;
		};
		ECC4B71025FDCFD600548628 /* Release */ = {
			isa = XCBuildConfiguration;
			buildSettings = {
				ALWAYS_EMBED_SWIFT_STANDARD_LIBRARIES = YES;
				BUNDLE_LOADER = "$(TEST_HOST)";
				CODE_SIGN_STYLE = Automatic;
				INFOPLIST_FILE = CabMapTestTests/Info.plist;
				IPHONEOS_DEPLOYMENT_TARGET = 14.3;
				LD_RUNPATH_SEARCH_PATHS = (
					"$(inherited)",
					"@executable_path/Frameworks",
					"@loader_path/Frameworks",
				);
				PRODUCT_BUNDLE_IDENTIFIER = aditya.CabMapTestTests;
				PRODUCT_NAME = "$(TARGET_NAME)";
				SWIFT_VERSION = 5.0;
				TARGETED_DEVICE_FAMILY = "1,2";
				TEST_HOST = "$(BUILT_PRODUCTS_DIR)/CabMapTest.app/CabMapTest";
			};
			name = Release;
		};
		ECC4B71225FDCFD600548628 /* Debug */ = {
			isa = XCBuildConfiguration;
			buildSettings = {
				ALWAYS_EMBED_SWIFT_STANDARD_LIBRARIES = YES;
				CODE_SIGN_STYLE = Automatic;
				INFOPLIST_FILE = CabMapTestUITests/Info.plist;
				LD_RUNPATH_SEARCH_PATHS = (
					"$(inherited)",
					"@executable_path/Frameworks",
					"@loader_path/Frameworks",
				);
				PRODUCT_BUNDLE_IDENTIFIER = aditya.CabMapTestUITests;
				PRODUCT_NAME = "$(TARGET_NAME)";
				SWIFT_VERSION = 5.0;
				TARGETED_DEVICE_FAMILY = "1,2";
				TEST_TARGET_NAME = CabMapTest;
			};
			name = Debug;
		};
		ECC4B71325FDCFD600548628 /* Release */ = {
			isa = XCBuildConfiguration;
			buildSettings = {
				ALWAYS_EMBED_SWIFT_STANDARD_LIBRARIES = YES;
				CODE_SIGN_STYLE = Automatic;
				INFOPLIST_FILE = CabMapTestUITests/Info.plist;
				LD_RUNPATH_SEARCH_PATHS = (
					"$(inherited)",
					"@executable_path/Frameworks",
					"@loader_path/Frameworks",
				);
				PRODUCT_BUNDLE_IDENTIFIER = aditya.CabMapTestUITests;
				PRODUCT_NAME = "$(TARGET_NAME)";
				SWIFT_VERSION = 5.0;
				TARGETED_DEVICE_FAMILY = "1,2";
				TEST_TARGET_NAME = CabMapTest;
			};
			name = Release;
		};
/* End XCBuildConfiguration section */

/* Begin XCConfigurationList section */
		ECC4B6DC25FDCFD200548628 /* Build configuration list for PBXProject "CabMapTest" */ = {
			isa = XCConfigurationList;
			buildConfigurations = (
				ECC4B70925FDCFD600548628 /* Debug */,
				ECC4B70A25FDCFD600548628 /* Release */,
			);
			defaultConfigurationIsVisible = 0;
			defaultConfigurationName = Release;
		};
		ECC4B70B25FDCFD600548628 /* Build configuration list for PBXNativeTarget "CabMapTest" */ = {
			isa = XCConfigurationList;
			buildConfigurations = (
				ECC4B70C25FDCFD600548628 /* Debug */,
				ECC4B70D25FDCFD600548628 /* Release */,
			);
			defaultConfigurationIsVisible = 0;
			defaultConfigurationName = Release;
		};
		ECC4B70E25FDCFD600548628 /* Build configuration list for PBXNativeTarget "CabMapTestTests" */ = {
			isa = XCConfigurationList;
			buildConfigurations = (
				ECC4B70F25FDCFD600548628 /* Debug */,
				ECC4B71025FDCFD600548628 /* Release */,
			);
			defaultConfigurationIsVisible = 0;
			defaultConfigurationName = Release;
		};
		ECC4B71125FDCFD600548628 /* Build configuration list for PBXNativeTarget "CabMapTestUITests" */ = {
			isa = XCConfigurationList;
			buildConfigurations = (
				ECC4B71225FDCFD600548628 /* Debug */,
				ECC4B71325FDCFD600548628 /* Release */,
			);
			defaultConfigurationIsVisible = 0;
			defaultConfigurationName = Release;
		};
/* End XCConfigurationList section */
	};
	rootObject = ECC4B6D925FDCFD200548628 /* Project object */;
}
